# generated by rye
# use `rye lock` or `rye sync` to update this lockfile
#
# last locked with the following flags:
#   pre: false
#   features: []
#   all-features: false
#   with-sources: false

-e file:projects/infernet_ml
-e file:projects/ritual_arweave
annotated-types==0.6.0
    # via pydantic
certifi==2024.2.2
    # via requests
charset-normalizer==3.3.2
    # via requests
click==8.1.7
    # via infernet-ml
    # via ritual-arweave
filelock==3.13.3
    # via huggingface-hub
fsspec==2024.3.1
    # via huggingface-hub
huggingface-hub==0.22.2
    # via infernet-ml
idna==3.6
    # via requests
packaging==24.0
    # via huggingface-hub
pydantic==2.6.4
    # via infernet-ml
pydantic-core==2.16.3
    # via pydantic
python-dotenv==1.0.1
    # via infernet-ml
    # via ritual-arweave
pyyaml==6.0.1
    # via huggingface-hub
requests==2.31.0
    # via huggingface-hub
tqdm==4.66.2
    # via huggingface-hub
typing-extensions==4.10.0
    # via huggingface-hub
    # via pydantic
    # via pydantic-core
urllib3==2.2.1
    # via requests
